
Microsoft Visual Studio Solution File, Format Version 12.00
# Visual Studio Version 17
VisualStudioVersion = 17.11.35431.28
MinimumVisualStudioVersion = 10.0.40219.1
Project("{8BC9CEB8-8B4A-11D0-8D11-00A0C91BC942}") = "5.1.3 Array Code", "5.1.3 Array Code\5.1.3 Array Code.vcxproj", "{746949EE-A3FF-44EB-8391-0D5DF391461D}"
EndProject
Project("{8BC9CEB8-8B4A-11D0-8D11-00A0C91BC942}") = "5.1.5 pointer code example", "5.1.5 pointer code example\5.1.5 pointer code example.vcxproj", "{80B4E762-1FF1-4928-99E2-320CAFF82ABD}"
EndProject
Project("{8BC9CEB8-8B4A-11D0-8D11-00A0C91BC942}") = "5.1.7 array as a parameter", "5.1.7 array as a parameter\5.1.7 array as a parameter.vcxproj", "{EAA7EB3C-F159-4E0D-8A43-5C04073289CD}"
EndProject
Project("{8BC9CEB8-8B4A-11D0-8D11-00A0C91BC942}") = "5.1.8 array-bubble-sort", "5.1.8 array-bubble-sort\5.1.8 array-bubble-sort.vcxproj", "{1D22CECE-D69F-4312-96F9-70FA67C31965}"
EndProject
Project("{8BC9CEB8-8B4A-11D0-8D11-00A0C91BC942}") = "5.1.10 MergeSort code 1", "5.1.10 MergeSort code 1\5.1.10 MergeSort code 1.vcxproj", "{F7E30152-879E-4839-A59F-F66128540C32}"
EndProject
Global
	GlobalSection(SolutionConfigurationPlatforms) = preSolution
		Debug|x64 = Debug|x64
		Debug|x86 = Debug|x86
		Release|x64 = Release|x64
		Release|x86 = Release|x86
	EndGlobalSection
	GlobalSection(ProjectConfigurationPlatforms) = postSolution
		{746949EE-A3FF-44EB-8391-0D5DF391461D}.Debug|x64.ActiveCfg = Debug|x64
		{746949EE-A3FF-44EB-8391-0D5DF391461D}.Debug|x64.Build.0 = Debug|x64
		{746949EE-A3FF-44EB-8391-0D5DF391461D}.Debug|x86.ActiveCfg = Debug|Win32
		{746949EE-A3FF-44EB-8391-0D5DF391461D}.Debug|x86.Build.0 = Debug|Win32
		{746949EE-A3FF-44EB-8391-0D5DF391461D}.Release|x64.ActiveCfg = Release|x64
		{746949EE-A3FF-44EB-8391-0D5DF391461D}.Release|x64.Build.0 = Release|x64
		{746949EE-A3FF-44EB-8391-0D5DF391461D}.Release|x86.ActiveCfg = Release|Win32
		{746949EE-A3FF-44EB-8391-0D5DF391461D}.Release|x86.Build.0 = Release|Win32
		{80B4E762-1FF1-4928-99E2-320CAFF82ABD}.Debug|x64.ActiveCfg = Debug|x64
		{80B4E762-1FF1-4928-99E2-320CAFF82ABD}.Debug|x64.Build.0 = Debug|x64
		{80B4E762-1FF1-4928-99E2-320CAFF82ABD}.Debug|x86.ActiveCfg = Debug|Win32
		{80B4E762-1FF1-4928-99E2-320CAFF82ABD}.Debug|x86.Build.0 = Debug|Win32
		{80B4E762-1FF1-4928-99E2-320CAFF82ABD}.Release|x64.ActiveCfg = Release|x64
		{80B4E762-1FF1-4928-99E2-320CAFF82ABD}.Release|x64.Build.0 = Release|x64
		{80B4E762-1FF1-4928-99E2-320CAFF82ABD}.Release|x86.ActiveCfg = Release|Win32
		{80B4E762-1FF1-4928-99E2-320CAFF82ABD}.Release|x86.Build.0 = Release|Win32
		{EAA7EB3C-F159-4E0D-8A43-5C04073289CD}.Debug|x64.ActiveCfg = Debug|x64
		{EAA7EB3C-F159-4E0D-8A43-5C04073289CD}.Debug|x64.Build.0 = Debug|x64
		{EAA7EB3C-F159-4E0D-8A43-5C04073289CD}.Debug|x86.ActiveCfg = Debug|Win32
		{EAA7EB3C-F159-4E0D-8A43-5C04073289CD}.Debug|x86.Build.0 = Debug|Win32
		{EAA7EB3C-F159-4E0D-8A43-5C04073289CD}.Release|x64.ActiveCfg = Release|x64
		{EAA7EB3C-F159-4E0D-8A43-5C04073289CD}.Release|x64.Build.0 = Release|x64
		{EAA7EB3C-F159-4E0D-8A43-5C04073289CD}.Release|x86.ActiveCfg = Release|Win32
		{EAA7EB3C-F159-4E0D-8A43-5C04073289CD}.Release|x86.Build.0 = Release|Win32
		{1D22CECE-D69F-4312-96F9-70FA67C31965}.Debug|x64.ActiveCfg = Debug|x64
		{1D22CECE-D69F-4312-96F9-70FA67C31965}.Debug|x64.Build.0 = Debug|x64
		{1D22CECE-D69F-4312-96F9-70FA67C31965}.Debug|x86.ActiveCfg = Debug|Win32
		{1D22CECE-D69F-4312-96F9-70FA67C31965}.Debug|x86.Build.0 = Debug|Win32
		{1D22CECE-D69F-4312-96F9-70FA67C31965}.Release|x64.ActiveCfg = Release|x64
		{1D22CECE-D69F-4312-96F9-70FA67C31965}.Release|x64.Build.0 = Release|x64
		{1D22CECE-D69F-4312-96F9-70FA67C31965}.Release|x86.ActiveCfg = Release|Win32
		{1D22CECE-D69F-4312-96F9-70FA67C31965}.Release|x86.Build.0 = Release|Win32
		{F7E30152-879E-4839-A59F-F66128540C32}.Debug|x64.ActiveCfg = Debug|x64
		{F7E30152-879E-4839-A59F-F66128540C32}.Debug|x64.Build.0 = Debug|x64
		{F7E30152-879E-4839-A59F-F66128540C32}.Debug|x86.ActiveCfg = Debug|Win32
		{F7E30152-879E-4839-A59F-F66128540C32}.Debug|x86.Build.0 = Debug|Win32
		{F7E30152-879E-4839-A59F-F66128540C32}.Release|x64.ActiveCfg = Release|x64
		{F7E30152-879E-4839-A59F-F66128540C32}.Release|x64.Build.0 = Release|x64
		{F7E30152-879E-4839-A59F-F66128540C32}.Release|x86.ActiveCfg = Release|Win32
		{F7E30152-879E-4839-A59F-F66128540C32}.Release|x86.Build.0 = Release|Win32
	EndGlobalSection
	GlobalSection(SolutionProperties) = preSolution
		HideSolutionNode = FALSE
	EndGlobalSection
	GlobalSection(ExtensibilityGlobals) = postSolution
		SolutionGuid = {D107523B-50FB-46F5-80E8-61B1974569CD}
	EndGlobalSection
EndGlobal
