
Microsoft Visual Studio Solution File, Format Version 12.00
# Visual Studio Version 17
VisualStudioVersion = 17.11.35431.28
MinimumVisualStudioVersion = 10.0.40219.1
Project("{8BC9CEB8-8B4A-11D0-8D11-00A0C91BC942}") = "1.1.3 Enums code", "1.1.3 Enums code\1.1.3 Enums code.vcxproj", "{98C9687F-0CD4-484B-95FC-0313B47AB407}"
EndProject
Project("{8BC9CEB8-8B4A-11D0-8D11-00A0C91BC942}") = "1.1.3 Enums code v2 with typedef", "1.1.3 Enums code v2 with typedef\1.1.3 Enums code v2 with typedef.vcxproj", "{81D347CA-71ED-4F2D-A06D-EFC6CCCBFD13}"
EndProject
Project("{8BC9CEB8-8B4A-11D0-8D11-00A0C91BC942}") = "1.1.5 Preprocessor code", "1.1.5 Preprocessor code\1.1.5 Preprocessor code.vcxproj", "{40C755EC-19CC-4A3B-9349-C262AF1FB21E}"
EndProject
Global
	GlobalSection(SolutionConfigurationPlatforms) = preSolution
		Debug|x64 = Debug|x64
		Debug|x86 = Debug|x86
		Release|x64 = Release|x64
		Release|x86 = Release|x86
	EndGlobalSection
	GlobalSection(ProjectConfigurationPlatforms) = postSolution
		{98C9687F-0CD4-484B-95FC-0313B47AB407}.Debug|x64.ActiveCfg = Debug|x64
		{98C9687F-0CD4-484B-95FC-0313B47AB407}.Debug|x64.Build.0 = Debug|x64
		{98C9687F-0CD4-484B-95FC-0313B47AB407}.Debug|x86.ActiveCfg = Debug|Win32
		{98C9687F-0CD4-484B-95FC-0313B47AB407}.Debug|x86.Build.0 = Debug|Win32
		{98C9687F-0CD4-484B-95FC-0313B47AB407}.Release|x64.ActiveCfg = Release|x64
		{98C9687F-0CD4-484B-95FC-0313B47AB407}.Release|x64.Build.0 = Release|x64
		{98C9687F-0CD4-484B-95FC-0313B47AB407}.Release|x86.ActiveCfg = Release|Win32
		{98C9687F-0CD4-484B-95FC-0313B47AB407}.Release|x86.Build.0 = Release|Win32
		{81D347CA-71ED-4F2D-A06D-EFC6CCCBFD13}.Debug|x64.ActiveCfg = Debug|x64
		{81D347CA-71ED-4F2D-A06D-EFC6CCCBFD13}.Debug|x64.Build.0 = Debug|x64
		{81D347CA-71ED-4F2D-A06D-EFC6CCCBFD13}.Debug|x86.ActiveCfg = Debug|Win32
		{81D347CA-71ED-4F2D-A06D-EFC6CCCBFD13}.Debug|x86.Build.0 = Debug|Win32
		{81D347CA-71ED-4F2D-A06D-EFC6CCCBFD13}.Release|x64.ActiveCfg = Release|x64
		{81D347CA-71ED-4F2D-A06D-EFC6CCCBFD13}.Release|x64.Build.0 = Release|x64
		{81D347CA-71ED-4F2D-A06D-EFC6CCCBFD13}.Release|x86.ActiveCfg = Release|Win32
		{81D347CA-71ED-4F2D-A06D-EFC6CCCBFD13}.Release|x86.Build.0 = Release|Win32
		{40C755EC-19CC-4A3B-9349-C262AF1FB21E}.Debug|x64.ActiveCfg = Debug|x64
		{40C755EC-19CC-4A3B-9349-C262AF1FB21E}.Debug|x64.Build.0 = Debug|x64
		{40C755EC-19CC-4A3B-9349-C262AF1FB21E}.Debug|x86.ActiveCfg = Debug|Win32
		{40C755EC-19CC-4A3B-9349-C262AF1FB21E}.Debug|x86.Build.0 = Debug|Win32
		{40C755EC-19CC-4A3B-9349-C262AF1FB21E}.Release|x64.ActiveCfg = Release|x64
		{40C755EC-19CC-4A3B-9349-C262AF1FB21E}.Release|x64.Build.0 = Release|x64
		{40C755EC-19CC-4A3B-9349-C262AF1FB21E}.Release|x86.ActiveCfg = Release|Win32
		{40C755EC-19CC-4A3B-9349-C262AF1FB21E}.Release|x86.Build.0 = Release|Win32
	EndGlobalSection
	GlobalSection(SolutionProperties) = preSolution
		HideSolutionNode = FALSE
	EndGlobalSection
	GlobalSection(ExtensibilityGlobals) = postSolution
		SolutionGuid = {144423F7-457B-4F07-98E4-536B60FD5E04}
	EndGlobalSection
EndGlobal
