
Microsoft Visual Studio Solution File, Format Version 12.00
# Visual Studio Version 17
VisualStudioVersion = 17.11.35431.28
MinimumVisualStudioVersion = 10.0.40219.1
Project("{8BC9CEB8-8B4A-11D0-8D11-00A0C91BC942}") = "1.1.3 Enums code", "1.1.3 Enums code\1.1.3 Enums code.vcxproj", "{98C9687F-0CD4-484B-95FC-0313B47AB407}"
EndProject
Project("{8BC9CEB8-8B4A-11D0-8D11-00A0C91BC942}") = "1.1.3 Enums code v2 with typedef", "1.1.3 Enums code v2 with typedef\1.1.3 Enums code v2 with typedef.vcxproj", "{81D347CA-71ED-4F2D-A06D-EFC6CCCBFD13}"
EndProject
Project("{8BC9CEB8-8B4A-11D0-8D11-00A0C91BC942}") = "1.1.5 Preprocessor code", "1.1.5 Preprocessor code\1.1.5 Preprocessor code.vcxproj", "{40C755EC-19CC-4A3B-9349-C262AF1FB21E}"
EndProject
Project("{8BC9CEB8-8B4A-11D0-8D11-00A0C91BC942}") = "1.1.7 Assert code", "1.1.7 Assert code\1.1.7 Assert code.vcxproj", "{0637059C-CD1D-451D-BED4-DA9E048A7679}"
EndProject
Project("{8BC9CEB8-8B4A-11D0-8D11-00A0C91BC942}") = "1.1.7 v2 Assert with NDEBUG", "1.1.7 v2 Assert with NDEBUG\1.1.7 v2 Assert with NDEBUG.vcxproj", "{36D05FE9-DA17-479E-81EC-91D9BED17F3D}"
EndProject
Project("{8BC9CEB8-8B4A-11D0-8D11-00A0C91BC942}") = "1.1.7 v3 Assert devision by ZERO", "1.1.7 v3 Assert devision by ZERO\1.1.7 v3 Assert devision by ZERO.vcxproj", "{4E31E468-EA47-4220-B2DE-44E6BF711A07}"
EndProject
Project("{8BC9CEB8-8B4A-11D0-8D11-00A0C91BC942}") = "1.2 quiz", "1.2 quiz\1.2 quiz.vcxproj", "{132E2A5D-9987-4F9E-A21A-503F90BB2826}"
EndProject
Project("{8BC9CEB8-8B4A-11D0-8D11-00A0C91BC942}") = "2.1.4 string reversal", "2.1.4 string reversal\2.1.4 string reversal.vcxproj", "{39E988E6-907D-483F-9BB8-5635BE757419}"
EndProject
Project("{8BC9CEB8-8B4A-11D0-8D11-00A0C91BC942}") = "2.2.1 quiz", "2.2.1 quiz\2.2.1 quiz.vcxproj", "{FE80F801-A5D5-4AE3-A9BA-92423DAC7E55}"
EndProject
Project("{8BC9CEB8-8B4A-11D0-8D11-00A0C91BC942}") = "2.2.2 peer-graded struct", "2.2.2 peer-graded struct\2.2.2 peer-graded struct.vcxproj", "{1B78CC9D-F837-4463-9C87-2E604561A3D2}"
EndProject
Project("{8BC9CEB8-8B4A-11D0-8D11-00A0C91BC942}") = "2.2.3.1 struct peers review 1", "2.2.3.1 struct peers review 1\2.2.3.1 struct peers review 1.vcxproj", "{AB5A6F2A-EED3-4204-92CA-3BC1C984C744}"
EndProject
Project("{8BC9CEB8-8B4A-11D0-8D11-00A0C91BC942}") = "2.2.3.2 struct peers review 2", "2.2.3.2 struct peers review 2\2.2.3.2 struct peers review 2.vcxproj", "{C9EDE89B-05A4-4733-BB58-224227E7A0A2}"
EndProject
Project("{8BC9CEB8-8B4A-11D0-8D11-00A0C91BC942}") = "2.2.3.3 struct peers review 3", "2.2.3.3 struct peers review 3\2.2.3.3 struct peers review 3.vcxproj", "{CAE671F7-0713-436B-9E02-83B6A909F778}"
EndProject
Project("{8BC9CEB8-8B4A-11D0-8D11-00A0C91BC942}") = "2.2.3.4 struct peers review 4", "2.2.3.4 struct peers review 4\2.2.3.4 struct peers review 4.vcxproj", "{968C3714-D495-4269-94E4-BFC5393631D7}"
EndProject
Project("{8BC9CEB8-8B4A-11D0-8D11-00A0C91BC942}") = "2.3 Honors TODO", "2.3 Honors TODO\2.3 Honors TODO.vcxproj", "{17B74681-4703-4043-9C47-65B5FCDF18B4}"
EndProject
Global
	GlobalSection(SolutionConfigurationPlatforms) = preSolution
		Debug|x64 = Debug|x64
		Debug|x86 = Debug|x86
		Release|x64 = Release|x64
		Release|x86 = Release|x86
	EndGlobalSection
	GlobalSection(ProjectConfigurationPlatforms) = postSolution
		{98C9687F-0CD4-484B-95FC-0313B47AB407}.Debug|x64.ActiveCfg = Debug|x64
		{98C9687F-0CD4-484B-95FC-0313B47AB407}.Debug|x64.Build.0 = Debug|x64
		{98C9687F-0CD4-484B-95FC-0313B47AB407}.Debug|x86.ActiveCfg = Debug|Win32
		{98C9687F-0CD4-484B-95FC-0313B47AB407}.Debug|x86.Build.0 = Debug|Win32
		{98C9687F-0CD4-484B-95FC-0313B47AB407}.Release|x64.ActiveCfg = Release|x64
		{98C9687F-0CD4-484B-95FC-0313B47AB407}.Release|x64.Build.0 = Release|x64
		{98C9687F-0CD4-484B-95FC-0313B47AB407}.Release|x86.ActiveCfg = Release|Win32
		{98C9687F-0CD4-484B-95FC-0313B47AB407}.Release|x86.Build.0 = Release|Win32
		{81D347CA-71ED-4F2D-A06D-EFC6CCCBFD13}.Debug|x64.ActiveCfg = Debug|x64
		{81D347CA-71ED-4F2D-A06D-EFC6CCCBFD13}.Debug|x64.Build.0 = Debug|x64
		{81D347CA-71ED-4F2D-A06D-EFC6CCCBFD13}.Debug|x86.ActiveCfg = Debug|Win32
		{81D347CA-71ED-4F2D-A06D-EFC6CCCBFD13}.Debug|x86.Build.0 = Debug|Win32
		{81D347CA-71ED-4F2D-A06D-EFC6CCCBFD13}.Release|x64.ActiveCfg = Release|x64
		{81D347CA-71ED-4F2D-A06D-EFC6CCCBFD13}.Release|x64.Build.0 = Release|x64
		{81D347CA-71ED-4F2D-A06D-EFC6CCCBFD13}.Release|x86.ActiveCfg = Release|Win32
		{81D347CA-71ED-4F2D-A06D-EFC6CCCBFD13}.Release|x86.Build.0 = Release|Win32
		{40C755EC-19CC-4A3B-9349-C262AF1FB21E}.Debug|x64.ActiveCfg = Debug|x64
		{40C755EC-19CC-4A3B-9349-C262AF1FB21E}.Debug|x64.Build.0 = Debug|x64
		{40C755EC-19CC-4A3B-9349-C262AF1FB21E}.Debug|x86.ActiveCfg = Debug|Win32
		{40C755EC-19CC-4A3B-9349-C262AF1FB21E}.Debug|x86.Build.0 = Debug|Win32
		{40C755EC-19CC-4A3B-9349-C262AF1FB21E}.Release|x64.ActiveCfg = Release|x64
		{40C755EC-19CC-4A3B-9349-C262AF1FB21E}.Release|x64.Build.0 = Release|x64
		{40C755EC-19CC-4A3B-9349-C262AF1FB21E}.Release|x86.ActiveCfg = Release|Win32
		{40C755EC-19CC-4A3B-9349-C262AF1FB21E}.Release|x86.Build.0 = Release|Win32
		{0637059C-CD1D-451D-BED4-DA9E048A7679}.Debug|x64.ActiveCfg = Debug|x64
		{0637059C-CD1D-451D-BED4-DA9E048A7679}.Debug|x64.Build.0 = Debug|x64
		{0637059C-CD1D-451D-BED4-DA9E048A7679}.Debug|x86.ActiveCfg = Debug|Win32
		{0637059C-CD1D-451D-BED4-DA9E048A7679}.Debug|x86.Build.0 = Debug|Win32
		{0637059C-CD1D-451D-BED4-DA9E048A7679}.Release|x64.ActiveCfg = Release|x64
		{0637059C-CD1D-451D-BED4-DA9E048A7679}.Release|x64.Build.0 = Release|x64
		{0637059C-CD1D-451D-BED4-DA9E048A7679}.Release|x86.ActiveCfg = Release|Win32
		{0637059C-CD1D-451D-BED4-DA9E048A7679}.Release|x86.Build.0 = Release|Win32
		{36D05FE9-DA17-479E-81EC-91D9BED17F3D}.Debug|x64.ActiveCfg = Debug|x64
		{36D05FE9-DA17-479E-81EC-91D9BED17F3D}.Debug|x64.Build.0 = Debug|x64
		{36D05FE9-DA17-479E-81EC-91D9BED17F3D}.Debug|x86.ActiveCfg = Debug|Win32
		{36D05FE9-DA17-479E-81EC-91D9BED17F3D}.Debug|x86.Build.0 = Debug|Win32
		{36D05FE9-DA17-479E-81EC-91D9BED17F3D}.Release|x64.ActiveCfg = Release|x64
		{36D05FE9-DA17-479E-81EC-91D9BED17F3D}.Release|x64.Build.0 = Release|x64
		{36D05FE9-DA17-479E-81EC-91D9BED17F3D}.Release|x86.ActiveCfg = Release|Win32
		{36D05FE9-DA17-479E-81EC-91D9BED17F3D}.Release|x86.Build.0 = Release|Win32
		{4E31E468-EA47-4220-B2DE-44E6BF711A07}.Debug|x64.ActiveCfg = Debug|x64
		{4E31E468-EA47-4220-B2DE-44E6BF711A07}.Debug|x64.Build.0 = Debug|x64
		{4E31E468-EA47-4220-B2DE-44E6BF711A07}.Debug|x86.ActiveCfg = Debug|Win32
		{4E31E468-EA47-4220-B2DE-44E6BF711A07}.Debug|x86.Build.0 = Debug|Win32
		{4E31E468-EA47-4220-B2DE-44E6BF711A07}.Release|x64.ActiveCfg = Release|x64
		{4E31E468-EA47-4220-B2DE-44E6BF711A07}.Release|x64.Build.0 = Release|x64
		{4E31E468-EA47-4220-B2DE-44E6BF711A07}.Release|x86.ActiveCfg = Release|Win32
		{4E31E468-EA47-4220-B2DE-44E6BF711A07}.Release|x86.Build.0 = Release|Win32
		{132E2A5D-9987-4F9E-A21A-503F90BB2826}.Debug|x64.ActiveCfg = Debug|x64
		{132E2A5D-9987-4F9E-A21A-503F90BB2826}.Debug|x64.Build.0 = Debug|x64
		{132E2A5D-9987-4F9E-A21A-503F90BB2826}.Debug|x86.ActiveCfg = Debug|Win32
		{132E2A5D-9987-4F9E-A21A-503F90BB2826}.Debug|x86.Build.0 = Debug|Win32
		{132E2A5D-9987-4F9E-A21A-503F90BB2826}.Release|x64.ActiveCfg = Release|x64
		{132E2A5D-9987-4F9E-A21A-503F90BB2826}.Release|x64.Build.0 = Release|x64
		{132E2A5D-9987-4F9E-A21A-503F90BB2826}.Release|x86.ActiveCfg = Release|Win32
		{132E2A5D-9987-4F9E-A21A-503F90BB2826}.Release|x86.Build.0 = Release|Win32
		{39E988E6-907D-483F-9BB8-5635BE757419}.Debug|x64.ActiveCfg = Debug|x64
		{39E988E6-907D-483F-9BB8-5635BE757419}.Debug|x64.Build.0 = Debug|x64
		{39E988E6-907D-483F-9BB8-5635BE757419}.Debug|x86.ActiveCfg = Debug|Win32
		{39E988E6-907D-483F-9BB8-5635BE757419}.Debug|x86.Build.0 = Debug|Win32
		{39E988E6-907D-483F-9BB8-5635BE757419}.Release|x64.ActiveCfg = Release|x64
		{39E988E6-907D-483F-9BB8-5635BE757419}.Release|x64.Build.0 = Release|x64
		{39E988E6-907D-483F-9BB8-5635BE757419}.Release|x86.ActiveCfg = Release|Win32
		{39E988E6-907D-483F-9BB8-5635BE757419}.Release|x86.Build.0 = Release|Win32
		{FE80F801-A5D5-4AE3-A9BA-92423DAC7E55}.Debug|x64.ActiveCfg = Debug|x64
		{FE80F801-A5D5-4AE3-A9BA-92423DAC7E55}.Debug|x64.Build.0 = Debug|x64
		{FE80F801-A5D5-4AE3-A9BA-92423DAC7E55}.Debug|x86.ActiveCfg = Debug|Win32
		{FE80F801-A5D5-4AE3-A9BA-92423DAC7E55}.Debug|x86.Build.0 = Debug|Win32
		{FE80F801-A5D5-4AE3-A9BA-92423DAC7E55}.Release|x64.ActiveCfg = Release|x64
		{FE80F801-A5D5-4AE3-A9BA-92423DAC7E55}.Release|x64.Build.0 = Release|x64
		{FE80F801-A5D5-4AE3-A9BA-92423DAC7E55}.Release|x86.ActiveCfg = Release|Win32
		{FE80F801-A5D5-4AE3-A9BA-92423DAC7E55}.Release|x86.Build.0 = Release|Win32
		{1B78CC9D-F837-4463-9C87-2E604561A3D2}.Debug|x64.ActiveCfg = Debug|x64
		{1B78CC9D-F837-4463-9C87-2E604561A3D2}.Debug|x64.Build.0 = Debug|x64
		{1B78CC9D-F837-4463-9C87-2E604561A3D2}.Debug|x86.ActiveCfg = Debug|Win32
		{1B78CC9D-F837-4463-9C87-2E604561A3D2}.Debug|x86.Build.0 = Debug|Win32
		{1B78CC9D-F837-4463-9C87-2E604561A3D2}.Release|x64.ActiveCfg = Release|x64
		{1B78CC9D-F837-4463-9C87-2E604561A3D2}.Release|x64.Build.0 = Release|x64
		{1B78CC9D-F837-4463-9C87-2E604561A3D2}.Release|x86.ActiveCfg = Release|Win32
		{1B78CC9D-F837-4463-9C87-2E604561A3D2}.Release|x86.Build.0 = Release|Win32
		{AB5A6F2A-EED3-4204-92CA-3BC1C984C744}.Debug|x64.ActiveCfg = Debug|x64
		{AB5A6F2A-EED3-4204-92CA-3BC1C984C744}.Debug|x64.Build.0 = Debug|x64
		{AB5A6F2A-EED3-4204-92CA-3BC1C984C744}.Debug|x86.ActiveCfg = Debug|Win32
		{AB5A6F2A-EED3-4204-92CA-3BC1C984C744}.Debug|x86.Build.0 = Debug|Win32
		{AB5A6F2A-EED3-4204-92CA-3BC1C984C744}.Release|x64.ActiveCfg = Release|x64
		{AB5A6F2A-EED3-4204-92CA-3BC1C984C744}.Release|x64.Build.0 = Release|x64
		{AB5A6F2A-EED3-4204-92CA-3BC1C984C744}.Release|x86.ActiveCfg = Release|Win32
		{AB5A6F2A-EED3-4204-92CA-3BC1C984C744}.Release|x86.Build.0 = Release|Win32
		{C9EDE89B-05A4-4733-BB58-224227E7A0A2}.Debug|x64.ActiveCfg = Debug|x64
		{C9EDE89B-05A4-4733-BB58-224227E7A0A2}.Debug|x64.Build.0 = Debug|x64
		{C9EDE89B-05A4-4733-BB58-224227E7A0A2}.Debug|x86.ActiveCfg = Debug|Win32
		{C9EDE89B-05A4-4733-BB58-224227E7A0A2}.Debug|x86.Build.0 = Debug|Win32
		{C9EDE89B-05A4-4733-BB58-224227E7A0A2}.Release|x64.ActiveCfg = Release|x64
		{C9EDE89B-05A4-4733-BB58-224227E7A0A2}.Release|x64.Build.0 = Release|x64
		{C9EDE89B-05A4-4733-BB58-224227E7A0A2}.Release|x86.ActiveCfg = Release|Win32
		{C9EDE89B-05A4-4733-BB58-224227E7A0A2}.Release|x86.Build.0 = Release|Win32
		{CAE671F7-0713-436B-9E02-83B6A909F778}.Debug|x64.ActiveCfg = Debug|x64
		{CAE671F7-0713-436B-9E02-83B6A909F778}.Debug|x64.Build.0 = Debug|x64
		{CAE671F7-0713-436B-9E02-83B6A909F778}.Debug|x86.ActiveCfg = Debug|Win32
		{CAE671F7-0713-436B-9E02-83B6A909F778}.Debug|x86.Build.0 = Debug|Win32
		{CAE671F7-0713-436B-9E02-83B6A909F778}.Release|x64.ActiveCfg = Release|x64
		{CAE671F7-0713-436B-9E02-83B6A909F778}.Release|x64.Build.0 = Release|x64
		{CAE671F7-0713-436B-9E02-83B6A909F778}.Release|x86.ActiveCfg = Release|Win32
		{CAE671F7-0713-436B-9E02-83B6A909F778}.Release|x86.Build.0 = Release|Win32
		{968C3714-D495-4269-94E4-BFC5393631D7}.Debug|x64.ActiveCfg = Debug|x64
		{968C3714-D495-4269-94E4-BFC5393631D7}.Debug|x64.Build.0 = Debug|x64
		{968C3714-D495-4269-94E4-BFC5393631D7}.Debug|x86.ActiveCfg = Debug|Win32
		{968C3714-D495-4269-94E4-BFC5393631D7}.Debug|x86.Build.0 = Debug|Win32
		{968C3714-D495-4269-94E4-BFC5393631D7}.Release|x64.ActiveCfg = Release|x64
		{968C3714-D495-4269-94E4-BFC5393631D7}.Release|x64.Build.0 = Release|x64
		{968C3714-D495-4269-94E4-BFC5393631D7}.Release|x86.ActiveCfg = Release|Win32
		{968C3714-D495-4269-94E4-BFC5393631D7}.Release|x86.Build.0 = Release|Win32
		{17B74681-4703-4043-9C47-65B5FCDF18B4}.Debug|x64.ActiveCfg = Debug|x64
		{17B74681-4703-4043-9C47-65B5FCDF18B4}.Debug|x64.Build.0 = Debug|x64
		{17B74681-4703-4043-9C47-65B5FCDF18B4}.Debug|x86.ActiveCfg = Debug|Win32
		{17B74681-4703-4043-9C47-65B5FCDF18B4}.Debug|x86.Build.0 = Debug|Win32
		{17B74681-4703-4043-9C47-65B5FCDF18B4}.Release|x64.ActiveCfg = Release|x64
		{17B74681-4703-4043-9C47-65B5FCDF18B4}.Release|x64.Build.0 = Release|x64
		{17B74681-4703-4043-9C47-65B5FCDF18B4}.Release|x86.ActiveCfg = Release|Win32
		{17B74681-4703-4043-9C47-65B5FCDF18B4}.Release|x86.Build.0 = Release|Win32
	EndGlobalSection
	GlobalSection(SolutionProperties) = preSolution
		HideSolutionNode = FALSE
	EndGlobalSection
	GlobalSection(ExtensibilityGlobals) = postSolution
		SolutionGuid = {144423F7-457B-4F07-98E4-536B60FD5E04}
	EndGlobalSection
EndGlobal
